
Microsoft Visual Studio Solution File, Format Version 12.00
# Visual Studio Version 17
VisualStudioVersion = 17.0.31912.275
MinimumVisualStudioVersion = 10.0.40219.1
Project("{FAE04EC0-301F-11D3-BF4B-00C04F79EFBC}") = "SudokuProject", "SudokuProject\SudokuProject.csproj", "{0C962D26-2504-40A2-AE3C-2A2A98B313E3}"
EndProject
Project("{FAE04EC0-301F-11D3-BF4B-00C04F79EFBC}") = "SudokuGUI", "SudokuGUI\SudokuGUI.csproj", "{6FA165A6-CE43-4ADA-83F7-08FE99A76874}"
EndProject
Global
	GlobalSection(SolutionConfigurationPlatforms) = preSolution
		Debug|Any CPU = Debug|Any CPU
		Release|Any CPU = Release|Any CPU
	EndGlobalSection
	GlobalSection(ProjectConfigurationPlatforms) = postSolution
		{0C962D26-2504-40A2-AE3C-2A2A98B313E3}.Debug|Any CPU.ActiveCfg = Debug|Any CPU
		{0C962D26-2504-40A2-AE3C-2A2A98B313E3}.Debug|Any CPU.Build.0 = Debug|Any CPU
		{0C962D26-2504-40A2-AE3C-2A2A98B313E3}.Release|Any CPU.ActiveCfg = Release|Any CPU
		{0C962D26-2504-40A2-AE3C-2A2A98B313E3}.Release|Any CPU.Build.0 = Release|Any CPU
		{6FA165A6-CE43-4ADA-83F7-08FE99A76874}.Debug|Any CPU.ActiveCfg = Debug|Any CPU
		{6FA165A6-CE43-4ADA-83F7-08FE99A76874}.Debug|Any CPU.Build.0 = Debug|Any CPU
		{6FA165A6-CE43-4ADA-83F7-08FE99A76874}.Release|Any CPU.ActiveCfg = Release|Any CPU
		{6FA165A6-CE43-4ADA-83F7-08FE99A76874}.Release|Any CPU.Build.0 = Release|Any CPU
	EndGlobalSection
	GlobalSection(SolutionProperties) = preSolution
		HideSolutionNode = FALSE
	EndGlobalSection
	GlobalSection(ExtensibilityGlobals) = postSolution
		SolutionGuid = {83E70F76-B2B9-489D-9D87-D43E518E78DB}
	EndGlobalSection
EndGlobal
